
Microsoft Visual Studio Solution File, Format Version 12.00
# Visual Studio Version 17
VisualStudioVersion = 17.9.34728.123
MinimumVisualStudioVersion = 10.0.40219.1
Project("{8BC9CEB8-8B4A-11D0-8D11-00A0C91BC942}") = "GL_SALT", "GL_SALT.vcxproj", "{133C892A-0860-4EF6-B065-70D8834B89D1}"
EndProject
Global
	GlobalSection(SolutionConfigurationPlatforms) = preSolution
		Debug|x64 = Debug|x64
		Debug|x86 = Debug|x86
		Release|x64 = Release|x64
		Release|x86 = Release|x86
	EndGlobalSection
	GlobalSection(ProjectConfigurationPlatforms) = postSolution
		{133C892A-0860-4EF6-B065-70D8834B89D1}.Debug|x64.ActiveCfg = Debug|x64
		{133C892A-0860-4EF6-B065-70D8834B89D1}.Debug|x64.Build.0 = Debug|x64
		{133C892A-0860-4EF6-B065-70D8834B89D1}.Debug|x86.ActiveCfg = Debug|Win32
		{133C892A-0860-4EF6-B065-70D8834B89D1}.Debug|x86.Build.0 = Debug|Win32
		{133C892A-0860-4EF6-B065-70D8834B89D1}.Release|x64.ActiveCfg = Release|x64
		{133C892A-0860-4EF6-B065-70D8834B89D1}.Release|x64.Build.0 = Release|x64
		{133C892A-0860-4EF6-B065-70D8834B89D1}.Release|x86.ActiveCfg = Release|Win32
		{133C892A-0860-4EF6-B065-70D8834B89D1}.Release|x86.Build.0 = Release|Win32
	EndGlobalSection
	GlobalSection(SolutionProperties) = preSolution
		HideSolutionNode = FALSE
	EndGlobalSection
	GlobalSection(ExtensibilityGlobals) = postSolution
		SolutionGuid = {BB83C010-E8D9-40BD-96ED-AE6962545897}
	EndGlobalSection
EndGlobal
